
Microsoft Visual Studio Solution File, Format Version 12.00
# Visual Studio Version 17
VisualStudioVersion = 17.5.33627.172
MinimumVisualStudioVersion = 10.0.40219.1
Project("{FAE04EC0-301F-11D3-BF4B-00C04F79EFBC}") = "bytebank", "bytebank\bytebank.csproj", "{2E267568-8594-4D35-9F74-320C53C4AF61}"
EndProject
Global
	GlobalSection(SolutionConfigurationPlatforms) = preSolution
		Debug|Any CPU = Debug|Any CPU
		Release|Any CPU = Release|Any CPU
	EndGlobalSection
	GlobalSection(ProjectConfigurationPlatforms) = postSolution
		{2E267568-8594-4D35-9F74-320C53C4AF61}.Debug|Any CPU.ActiveCfg = Debug|Any CPU
		{2E267568-8594-4D35-9F74-320C53C4AF61}.Debug|Any CPU.Build.0 = Debug|Any CPU
		{2E267568-8594-4D35-9F74-320C53C4AF61}.Release|Any CPU.ActiveCfg = Release|Any CPU
		{2E267568-8594-4D35-9F74-320C53C4AF61}.Release|Any CPU.Build.0 = Release|Any CPU
	EndGlobalSection
	GlobalSection(SolutionProperties) = preSolution
		HideSolutionNode = FALSE
	EndGlobalSection
	GlobalSection(ExtensibilityGlobals) = postSolution
		SolutionGuid = {58960324-6E7B-4DC5-9EEF-361EFE2159B8}
	EndGlobalSection
EndGlobal
